
Microsoft Visual Studio Solution File, Format Version 12.00
# Visual Studio Version 16
VisualStudioVersion = 16.0.31005.135
MinimumVisualStudioVersion = 10.0.40219.1
Project("{FAE04EC0-301F-11D3-BF4B-00C04F79EFBC}") = "EatMeAgain", "EatMeAgain\EatMeAgain.csproj", "{A20AAF34-6D3A-4F04-A26C-75D390ABD042}"
EndProject
Global
	GlobalSection(SolutionConfigurationPlatforms) = preSolution
		Debug|Any CPU = Debug|Any CPU
		Release|Any CPU = Release|Any CPU
	EndGlobalSection
	GlobalSection(ProjectConfigurationPlatforms) = postSolution
		{A20AAF34-6D3A-4F04-A26C-75D390ABD042}.Debug|Any CPU.ActiveCfg = Debug|Any CPU
		{A20AAF34-6D3A-4F04-A26C-75D390ABD042}.Debug|Any CPU.Build.0 = Debug|Any CPU
		{A20AAF34-6D3A-4F04-A26C-75D390ABD042}.Release|Any CPU.ActiveCfg = Release|Any CPU
		{A20AAF34-6D3A-4F04-A26C-75D390ABD042}.Release|Any CPU.Build.0 = Release|Any CPU
	EndGlobalSection
	GlobalSection(SolutionProperties) = preSolution
		HideSolutionNode = FALSE
	EndGlobalSection
	GlobalSection(ExtensibilityGlobals) = postSolution
		SolutionGuid = {2C7136E3-4B41-4EF2-A0EC-6862AFB49031}
	EndGlobalSection
EndGlobal
