
Microsoft Visual Studio Solution File, Format Version 12.00
# Visual Studio Version 16
VisualStudioVersion = 16.0.31005.135
MinimumVisualStudioVersion = 10.0.40219.1
Project("{FAE04EC0-301F-11D3-BF4B-00C04F79EFBC}") = "EatMe1", "EatMe1\EatMe1.csproj", "{77371333-EA3A-4197-AC03-E863C102FD91}"
EndProject
Global
	GlobalSection(SolutionConfigurationPlatforms) = preSolution
		Debug|Any CPU = Debug|Any CPU
		Release|Any CPU = Release|Any CPU
	EndGlobalSection
	GlobalSection(ProjectConfigurationPlatforms) = postSolution
		{77371333-EA3A-4197-AC03-E863C102FD91}.Debug|Any CPU.ActiveCfg = Debug|Any CPU
		{77371333-EA3A-4197-AC03-E863C102FD91}.Debug|Any CPU.Build.0 = Debug|Any CPU
		{77371333-EA3A-4197-AC03-E863C102FD91}.Release|Any CPU.ActiveCfg = Release|Any CPU
		{77371333-EA3A-4197-AC03-E863C102FD91}.Release|Any CPU.Build.0 = Release|Any CPU
	EndGlobalSection
	GlobalSection(SolutionProperties) = preSolution
		HideSolutionNode = FALSE
	EndGlobalSection
	GlobalSection(ExtensibilityGlobals) = postSolution
		SolutionGuid = {EF92AA8E-592E-4294-BC1D-07E30BDE5BA9}
	EndGlobalSection
EndGlobal
